github.com/justinas/alice v1.2.0 h1:+MHSA/vccVCF4Uq37S42jwlkvI2Xzl7zTPCN5BnZNVo=
github.com/justinas/alice v1.2.0/go.mod h1:fN5HRH/reO/zrUflLfTN43t3vXvKzvZIENsNEe7i7qA=
github.com/telemachus/humane v0.5.1 h1:GgYzcpJKPzuwDcCd1YjPU8vzj/AU4gqbt46pUX+mVis=
github.com/telemachus/humane v0.5.1/go.mod h1:lToNtEtpBOvw6DSyq7mzBhVbbEm6756mzl4KwXkcckY=
